
Microsoft Visual Studio Solution File, Format Version 12.00
# Visual Studio 2012
Project("{FAE04EC0-301F-11D3-BF4B-00C04F79EFBC}") = "GetPic", "GetPic\GetPic.csproj", "{E0B890BA-CB6C-46BE-998A-26E6A4091A97}"
EndProject
Global
	GlobalSection(SolutionConfigurationPlatforms) = preSolution
		Debug|Any CPU = Debug|Any CPU
		Release|Any CPU = Release|Any CPU
	EndGlobalSection
	GlobalSection(ProjectConfigurationPlatforms) = postSolution
		{E0B890BA-CB6C-46BE-998A-26E6A4091A97}.Debug|Any CPU.ActiveCfg = Debug|Any CPU
		{E0B890BA-CB6C-46BE-998A-26E6A4091A97}.Debug|Any CPU.Build.0 = Debug|Any CPU
		{E0B890BA-CB6C-46BE-998A-26E6A4091A97}.Release|Any CPU.ActiveCfg = Release|Any CPU
		{E0B890BA-CB6C-46BE-998A-26E6A4091A97}.Release|Any CPU.Build.0 = Release|Any CPU
	EndGlobalSection
	GlobalSection(SolutionProperties) = preSolution
		HideSolutionNode = FALSE
	EndGlobalSection
EndGlobal
